
Microsoft Visual Studio Solution File, Format Version 12.00
# Visual Studio 15
VisualStudioVersion = 15.0.28307.168
MinimumVisualStudioVersion = 10.0.40219.1
Project("{9A19103F-16F7-4668-BE54-9A1E7A4F7556}") = "Flock", "Web\Flock.csproj", "{2FAC5F02-E002-4C1B-9EA5-CAAC72E7EF8E}"
EndProject
Project("{2150E333-8FDC-42A3-9474-1A3956D46DE8}") = "Applications", "Applications", "{3B656CA2-1887-4A11-9B10-4D71E52778A1}"
EndProject
Project("{9A19103F-16F7-4668-BE54-9A1E7A4F7556}") = "Atlas.Api", "Services\Atlas.Api\Atlas.Api.csproj", "{F36AB53A-046C-4139-8321-321381DACA79}"
EndProject
Project("{2150E333-8FDC-42A3-9474-1A3956D46DE8}") = "Onboarding", "Onboarding", "{B853F5EE-6D28-4F97-A83A-0C8968FAE818}"
EndProject
Project("{9A19103F-16F7-4668-BE54-9A1E7A4F7556}") = "Onboard.Application", "Applications\Onboard.Application\Onboard.Application.csproj", "{A1B8994C-E557-4147-A3A0-6B48AA54EC72}"
EndProject
Project("{2150E333-8FDC-42A3-9474-1A3956D46DE8}") = "Marketing", "Marketing", "{0ED1DB0B-ED83-4D36-9441-FEF06B15F51D}"
EndProject
Project("{9A19103F-16F7-4668-BE54-9A1E7A4F7556}") = "Marketing.Application", "Applications\Marketing.Application\Marketing.Application.csproj", "{ABA07360-41FF-4823-8F1D-F59ABD8CC2EA}"
EndProject
Project("{9A19103F-16F7-4668-BE54-9A1E7A4F7556}") = "Marketing.Infrastructure", "Applications\Marketing.Infrastructure\Marketing.Infrastructure.csproj", "{75B8DB68-4668-474F-8A70-47DEF922CE74}"
EndProject
Project("{2150E333-8FDC-42A3-9474-1A3956D46DE8}") = "Media", "Media", "{E51546EF-15EC-4FB5-B098-AC7120951330}"
EndProject
Project("{9A19103F-16F7-4668-BE54-9A1E7A4F7556}") = "Media.Application", "Applications\Media.Application\Media.Application.csproj", "{13DF3B18-4F25-463C-A4EF-E7641DE3C21C}"
EndProject
Project("{9A19103F-16F7-4668-BE54-9A1E7A4F7556}") = "Profile.Application", "Applications\Profile.Application\Profile.Application.csproj", "{F2E408D4-D0F0-4F37-9996-68FCDF232928}"
EndProject
Project("{2150E333-8FDC-42A3-9474-1A3956D46DE8}") = "Profile", "Profile", "{0B438BD2-3BFE-4488-9443-23F449F70792}"
EndProject
Project("{9A19103F-16F7-4668-BE54-9A1E7A4F7556}") = "Profile.Domain", "Applications\Profile.Domain\Profile.Domain.csproj", "{B70C44AD-3BB7-4DF3-BFC2-18B2519A1FF0}"
EndProject
Project("{9A19103F-16F7-4668-BE54-9A1E7A4F7556}") = "Profile.Infrastructure", "Applications\Profile.Infrastructure\Profile.Infrastructure.csproj", "{5786DA2A-F466-47A9-8D1A-820671BE0EA9}"
EndProject
Project("{9A19103F-16F7-4668-BE54-9A1E7A4F7556}") = "Onboard.Infrastructure", "Applications\Onboard.Infrastructure\Onboard.Infrastructure.csproj", "{13B44D03-F05E-4BA5-8138-20389636A07A}"
EndProject
Project("{9A19103F-16F7-4668-BE54-9A1E7A4F7556}") = "Onboard.Domain", "Applications\Onboard.Domain\Onboard.Domain.csproj", "{44F85101-27B3-4E0A-AFE0-64F26A123FDE}"
EndProject
Project("{9A19103F-16F7-4668-BE54-9A1E7A4F7556}") = "Media.Domain", "Applications\Media.Domain\Media.Domain.csproj", "{45632421-DFF2-4144-A062-FB817D94EC46}"
EndProject
Project("{9A19103F-16F7-4668-BE54-9A1E7A4F7556}") = "Marketing.Domain", "Applications\Marketing.Domain\Marketing.Domain.csproj", "{D1192C65-68FC-4577-A980-034B293C17B3}"
EndProject
Project("{2150E333-8FDC-42A3-9474-1A3956D46DE8}") = "Tests", "Tests", "{F0B47316-E272-409E-93D8-EB465D228AFC}"
EndProject
Project("{2150E333-8FDC-42A3-9474-1A3956D46DE8}") = "Projects", "Projects", "{C442E153-5315-4A36-8D35-1EE06EB75233}"
EndProject
Project("{2150E333-8FDC-42A3-9474-1A3956D46DE8}") = "Media", "Media", "{E17B153B-C013-4838-A930-E31EB6E07518}"
EndProject
Project("{9A19103F-16F7-4668-BE54-9A1E7A4F7556}") = "Onboard.Infrastructure.Test", "Tests\Onboard.Infrastructure.Test\Onboard.Infrastructure.Test.csproj", "{151FC5BA-4B5E-4934-8222-9CEB16936F6E}"
EndProject
Project("{9A19103F-16F7-4668-BE54-9A1E7A4F7556}") = "IdentityServer", "IdentityServer\IdentityServer.csproj", "{D461EB80-033B-4337-9572-A7308B312DCF}"
EndProject
Global
	GlobalSection(SolutionConfigurationPlatforms) = preSolution
		Debug|Any CPU = Debug|Any CPU
		Release|Any CPU = Release|Any CPU
	EndGlobalSection
	GlobalSection(ProjectConfigurationPlatforms) = postSolution
		{2FAC5F02-E002-4C1B-9EA5-CAAC72E7EF8E}.Debug|Any CPU.ActiveCfg = Debug|Any CPU
		{2FAC5F02-E002-4C1B-9EA5-CAAC72E7EF8E}.Debug|Any CPU.Build.0 = Debug|Any CPU
		{2FAC5F02-E002-4C1B-9EA5-CAAC72E7EF8E}.Release|Any CPU.ActiveCfg = Release|Any CPU
		{2FAC5F02-E002-4C1B-9EA5-CAAC72E7EF8E}.Release|Any CPU.Build.0 = Release|Any CPU
		{F36AB53A-046C-4139-8321-321381DACA79}.Debug|Any CPU.ActiveCfg = Debug|Any CPU
		{F36AB53A-046C-4139-8321-321381DACA79}.Debug|Any CPU.Build.0 = Debug|Any CPU
		{F36AB53A-046C-4139-8321-321381DACA79}.Release|Any CPU.ActiveCfg = Release|Any CPU
		{F36AB53A-046C-4139-8321-321381DACA79}.Release|Any CPU.Build.0 = Release|Any CPU
		{A1B8994C-E557-4147-A3A0-6B48AA54EC72}.Debug|Any CPU.ActiveCfg = Debug|Any CPU
		{A1B8994C-E557-4147-A3A0-6B48AA54EC72}.Debug|Any CPU.Build.0 = Debug|Any CPU
		{A1B8994C-E557-4147-A3A0-6B48AA54EC72}.Release|Any CPU.ActiveCfg = Release|Any CPU
		{A1B8994C-E557-4147-A3A0-6B48AA54EC72}.Release|Any CPU.Build.0 = Release|Any CPU
		{ABA07360-41FF-4823-8F1D-F59ABD8CC2EA}.Debug|Any CPU.ActiveCfg = Debug|Any CPU
		{ABA07360-41FF-4823-8F1D-F59ABD8CC2EA}.Debug|Any CPU.Build.0 = Debug|Any CPU
		{ABA07360-41FF-4823-8F1D-F59ABD8CC2EA}.Release|Any CPU.ActiveCfg = Release|Any CPU
		{ABA07360-41FF-4823-8F1D-F59ABD8CC2EA}.Release|Any CPU.Build.0 = Release|Any CPU
		{75B8DB68-4668-474F-8A70-47DEF922CE74}.Debug|Any CPU.ActiveCfg = Debug|Any CPU
		{75B8DB68-4668-474F-8A70-47DEF922CE74}.Debug|Any CPU.Build.0 = Debug|Any CPU
		{75B8DB68-4668-474F-8A70-47DEF922CE74}.Release|Any CPU.ActiveCfg = Release|Any CPU
		{75B8DB68-4668-474F-8A70-47DEF922CE74}.Release|Any CPU.Build.0 = Release|Any CPU
		{13DF3B18-4F25-463C-A4EF-E7641DE3C21C}.Debug|Any CPU.ActiveCfg = Debug|Any CPU
		{13DF3B18-4F25-463C-A4EF-E7641DE3C21C}.Debug|Any CPU.Build.0 = Debug|Any CPU
		{13DF3B18-4F25-463C-A4EF-E7641DE3C21C}.Release|Any CPU.ActiveCfg = Release|Any CPU
		{13DF3B18-4F25-463C-A4EF-E7641DE3C21C}.Release|Any CPU.Build.0 = Release|Any CPU
		{F2E408D4-D0F0-4F37-9996-68FCDF232928}.Debug|Any CPU.ActiveCfg = Debug|Any CPU
		{F2E408D4-D0F0-4F37-9996-68FCDF232928}.Debug|Any CPU.Build.0 = Debug|Any CPU
		{F2E408D4-D0F0-4F37-9996-68FCDF232928}.Release|Any CPU.ActiveCfg = Release|Any CPU
		{F2E408D4-D0F0-4F37-9996-68FCDF232928}.Release|Any CPU.Build.0 = Release|Any CPU
		{B70C44AD-3BB7-4DF3-BFC2-18B2519A1FF0}.Debug|Any CPU.ActiveCfg = Debug|Any CPU
		{B70C44AD-3BB7-4DF3-BFC2-18B2519A1FF0}.Debug|Any CPU.Build.0 = Debug|Any CPU
		{B70C44AD-3BB7-4DF3-BFC2-18B2519A1FF0}.Release|Any CPU.ActiveCfg = Release|Any CPU
		{B70C44AD-3BB7-4DF3-BFC2-18B2519A1FF0}.Release|Any CPU.Build.0 = Release|Any CPU
		{5786DA2A-F466-47A9-8D1A-820671BE0EA9}.Debug|Any CPU.ActiveCfg = Debug|Any CPU
		{5786DA2A-F466-47A9-8D1A-820671BE0EA9}.Debug|Any CPU.Build.0 = Debug|Any CPU
		{5786DA2A-F466-47A9-8D1A-820671BE0EA9}.Release|Any CPU.ActiveCfg = Release|Any CPU
		{5786DA2A-F466-47A9-8D1A-820671BE0EA9}.Release|Any CPU.Build.0 = Release|Any CPU
		{13B44D03-F05E-4BA5-8138-20389636A07A}.Debug|Any CPU.ActiveCfg = Debug|Any CPU
		{13B44D03-F05E-4BA5-8138-20389636A07A}.Debug|Any CPU.Build.0 = Debug|Any CPU
		{13B44D03-F05E-4BA5-8138-20389636A07A}.Release|Any CPU.ActiveCfg = Release|Any CPU
		{13B44D03-F05E-4BA5-8138-20389636A07A}.Release|Any CPU.Build.0 = Release|Any CPU
		{44F85101-27B3-4E0A-AFE0-64F26A123FDE}.Debug|Any CPU.ActiveCfg = Debug|Any CPU
		{44F85101-27B3-4E0A-AFE0-64F26A123FDE}.Debug|Any CPU.Build.0 = Debug|Any CPU
		{44F85101-27B3-4E0A-AFE0-64F26A123FDE}.Release|Any CPU.ActiveCfg = Release|Any CPU
		{44F85101-27B3-4E0A-AFE0-64F26A123FDE}.Release|Any CPU.Build.0 = Release|Any CPU
		{45632421-DFF2-4144-A062-FB817D94EC46}.Debug|Any CPU.ActiveCfg = Debug|Any CPU
		{45632421-DFF2-4144-A062-FB817D94EC46}.Debug|Any CPU.Build.0 = Debug|Any CPU
		{45632421-DFF2-4144-A062-FB817D94EC46}.Release|Any CPU.ActiveCfg = Release|Any CPU
		{45632421-DFF2-4144-A062-FB817D94EC46}.Release|Any CPU.Build.0 = Release|Any CPU
		{D1192C65-68FC-4577-A980-034B293C17B3}.Debug|Any CPU.ActiveCfg = Debug|Any CPU
		{D1192C65-68FC-4577-A980-034B293C17B3}.Debug|Any CPU.Build.0 = Debug|Any CPU
		{D1192C65-68FC-4577-A980-034B293C17B3}.Release|Any CPU.ActiveCfg = Release|Any CPU
		{D1192C65-68FC-4577-A980-034B293C17B3}.Release|Any CPU.Build.0 = Release|Any CPU
		{151FC5BA-4B5E-4934-8222-9CEB16936F6E}.Debug|Any CPU.ActiveCfg = Debug|Any CPU
		{151FC5BA-4B5E-4934-8222-9CEB16936F6E}.Debug|Any CPU.Build.0 = Debug|Any CPU
		{151FC5BA-4B5E-4934-8222-9CEB16936F6E}.Release|Any CPU.ActiveCfg = Release|Any CPU
		{151FC5BA-4B5E-4934-8222-9CEB16936F6E}.Release|Any CPU.Build.0 = Release|Any CPU
		{D461EB80-033B-4337-9572-A7308B312DCF}.Debug|Any CPU.ActiveCfg = Debug|Any CPU
		{D461EB80-033B-4337-9572-A7308B312DCF}.Debug|Any CPU.Build.0 = Debug|Any CPU
		{D461EB80-033B-4337-9572-A7308B312DCF}.Release|Any CPU.ActiveCfg = Release|Any CPU
		{D461EB80-033B-4337-9572-A7308B312DCF}.Release|Any CPU.Build.0 = Release|Any CPU
	EndGlobalSection
	GlobalSection(SolutionProperties) = preSolution
		HideSolutionNode = FALSE
	EndGlobalSection
	GlobalSection(NestedProjects) = preSolution
		{B853F5EE-6D28-4F97-A83A-0C8968FAE818} = {3B656CA2-1887-4A11-9B10-4D71E52778A1}
		{A1B8994C-E557-4147-A3A0-6B48AA54EC72} = {B853F5EE-6D28-4F97-A83A-0C8968FAE818}
		{0ED1DB0B-ED83-4D36-9441-FEF06B15F51D} = {3B656CA2-1887-4A11-9B10-4D71E52778A1}
		{ABA07360-41FF-4823-8F1D-F59ABD8CC2EA} = {0ED1DB0B-ED83-4D36-9441-FEF06B15F51D}
		{75B8DB68-4668-474F-8A70-47DEF922CE74} = {0ED1DB0B-ED83-4D36-9441-FEF06B15F51D}
		{E51546EF-15EC-4FB5-B098-AC7120951330} = {3B656CA2-1887-4A11-9B10-4D71E52778A1}
		{13DF3B18-4F25-463C-A4EF-E7641DE3C21C} = {E51546EF-15EC-4FB5-B098-AC7120951330}
		{F2E408D4-D0F0-4F37-9996-68FCDF232928} = {0B438BD2-3BFE-4488-9443-23F449F70792}
		{0B438BD2-3BFE-4488-9443-23F449F70792} = {3B656CA2-1887-4A11-9B10-4D71E52778A1}
		{B70C44AD-3BB7-4DF3-BFC2-18B2519A1FF0} = {0B438BD2-3BFE-4488-9443-23F449F70792}
		{5786DA2A-F466-47A9-8D1A-820671BE0EA9} = {0B438BD2-3BFE-4488-9443-23F449F70792}
		{13B44D03-F05E-4BA5-8138-20389636A07A} = {B853F5EE-6D28-4F97-A83A-0C8968FAE818}
		{44F85101-27B3-4E0A-AFE0-64F26A123FDE} = {B853F5EE-6D28-4F97-A83A-0C8968FAE818}
		{45632421-DFF2-4144-A062-FB817D94EC46} = {E51546EF-15EC-4FB5-B098-AC7120951330}
		{D1192C65-68FC-4577-A980-034B293C17B3} = {0ED1DB0B-ED83-4D36-9441-FEF06B15F51D}
		{C442E153-5315-4A36-8D35-1EE06EB75233} = {F0B47316-E272-409E-93D8-EB465D228AFC}
		{E17B153B-C013-4838-A930-E31EB6E07518} = {F0B47316-E272-409E-93D8-EB465D228AFC}
		{151FC5BA-4B5E-4934-8222-9CEB16936F6E} = {C442E153-5315-4A36-8D35-1EE06EB75233}
	EndGlobalSection
	GlobalSection(ExtensibilityGlobals) = postSolution
		SolutionGuid = {C861F1A7-EAF4-45A6-9A6F-B96050BC6A46}
	EndGlobalSection
EndGlobal
